
Microsoft Visual Studio Solution File, Format Version 12.00
# Visual Studio 14
VisualStudioVersion = 14.0.25123.0
MinimumVisualStudioVersion = 10.0.40219.1
Project("{FAE04EC0-301F-11D3-BF4B-00C04F79EFBC}") = "App1.Droid", "App1\App1.Droid\App1.Droid.csproj", "{8A0C8DFF-273A-45D0-9656-276693B819F8}"
EndProject
Project("{FAE04EC0-301F-11D3-BF4B-00C04F79EFBC}") = "App1.iOS", "App1\App1.iOS\App1.iOS.csproj", "{A017CDDE-10C4-403E-8296-0CD29ECA64AC}"
EndProject
Project("{FAE04EC0-301F-11D3-BF4B-00C04F79EFBC}") = "App1.WinPhone", "App1\App1.WinPhone\App1.WinPhone.csproj", "{8D2F5EF1-0B38-4A03-9050-3CDED398F4D8}"
EndProject
Project("{FAE04EC0-301F-11D3-BF4B-00C04F79EFBC}") = "App1.Windows", "App1\App1.Windows\App1.Windows.csproj", "{C34D0DDA-59FA-404F-BE54-E931FA4DC5EA}"
EndProject
Project("{FAE04EC0-301F-11D3-BF4B-00C04F79EFBC}") = "App1", "App1\App1\App1.csproj", "{8325E4E4-CDF6-426F-B4CD-FF54C8D8AD24}"
EndProject
Global
	GlobalSection(SolutionConfigurationPlatforms) = preSolution
		Ad-Hoc|Any CPU = Ad-Hoc|Any CPU
		Ad-Hoc|ARM = Ad-Hoc|ARM
		Ad-Hoc|iPhone = Ad-Hoc|iPhone
		Ad-Hoc|iPhoneSimulator = Ad-Hoc|iPhoneSimulator
		Ad-Hoc|x64 = Ad-Hoc|x64
		Ad-Hoc|x86 = Ad-Hoc|x86
		AppStore|Any CPU = AppStore|Any CPU
		AppStore|ARM = AppStore|ARM
		AppStore|iPhone = AppStore|iPhone
		AppStore|iPhoneSimulator = AppStore|iPhoneSimulator
		AppStore|x64 = AppStore|x64
		AppStore|x86 = AppStore|x86
		Debug|Any CPU = Debug|Any CPU
		Debug|ARM = Debug|ARM
		Debug|iPhone = Debug|iPhone
		Debug|iPhoneSimulator = Debug|iPhoneSimulator
		Debug|x64 = Debug|x64
		Debug|x86 = Debug|x86
		Release|Any CPU = Release|Any CPU
		Release|ARM = Release|ARM
		Release|iPhone = Release|iPhone
		Release|iPhoneSimulator = Release|iPhoneSimulator
		Release|x64 = Release|x64
		Release|x86 = Release|x86
	EndGlobalSection
	GlobalSection(ProjectConfigurationPlatforms) = postSolution
		{8A0C8DFF-273A-45D0-9656-276693B819F8}.Ad-Hoc|Any CPU.ActiveCfg = Release|Any CPU
		{8A0C8DFF-273A-45D0-9656-276693B819F8}.Ad-Hoc|Any CPU.Build.0 = Release|Any CPU
		{8A0C8DFF-273A-45D0-9656-276693B819F8}.Ad-Hoc|Any CPU.Deploy.0 = Release|Any CPU
		{8A0C8DFF-273A-45D0-9656-276693B819F8}.Ad-Hoc|ARM.ActiveCfg = Release|Any CPU
		{8A0C8DFF-273A-45D0-9656-276693B819F8}.Ad-Hoc|ARM.Build.0 = Release|Any CPU
		{8A0C8DFF-273A-45D0-9656-276693B819F8}.Ad-Hoc|ARM.Deploy.0 = Release|Any CPU
		{8A0C8DFF-273A-45D0-9656-276693B819F8}.Ad-Hoc|iPhone.ActiveCfg = Release|Any CPU
		{8A0C8DFF-273A-45D0-9656-276693B819F8}.Ad-Hoc|iPhone.Build.0 = Release|Any CPU
		{8A0C8DFF-273A-45D0-9656-276693B819F8}.Ad-Hoc|iPhone.Deploy.0 = Release|Any CPU
		{8A0C8DFF-273A-45D0-9656-276693B819F8}.Ad-Hoc|iPhoneSimulator.ActiveCfg = Release|Any CPU
		{8A0C8DFF-273A-45D0-9656-276693B819F8}.Ad-Hoc|iPhoneSimulator.Build.0 = Release|Any CPU
		{8A0C8DFF-273A-45D0-9656-276693B819F8}.Ad-Hoc|iPhoneSimulator.Deploy.0 = Release|Any CPU
		{8A0C8DFF-273A-45D0-9656-276693B819F8}.Ad-Hoc|x64.ActiveCfg = Release|Any CPU
		{8A0C8DFF-273A-45D0-9656-276693B819F8}.Ad-Hoc|x64.Build.0 = Release|Any CPU
		{8A0C8DFF-273A-45D0-9656-276693B819F8}.Ad-Hoc|x64.Deploy.0 = Release|Any CPU
		{8A0C8DFF-273A-45D0-9656-276693B819F8}.Ad-Hoc|x86.ActiveCfg = Release|Any CPU
		{8A0C8DFF-273A-45D0-9656-276693B819F8}.Ad-Hoc|x86.Build.0 = Release|Any CPU
		{8A0C8DFF-273A-45D0-9656-276693B819F8}.Ad-Hoc|x86.Deploy.0 = Release|Any CPU
		{8A0C8DFF-273A-45D0-9656-276693B819F8}.AppStore|Any CPU.ActiveCfg = Release|Any CPU
		{8A0C8DFF-273A-45D0-9656-276693B819F8}.AppStore|Any CPU.Build.0 = Release|Any CPU
		{8A0C8DFF-273A-45D0-9656-276693B819F8}.AppStore|Any CPU.Deploy.0 = Release|Any CPU
		{8A0C8DFF-273A-45D0-9656-276693B819F8}.AppStore|ARM.ActiveCfg = Release|Any CPU
		{8A0C8DFF-273A-45D0-9656-276693B819F8}.AppStore|ARM.Build.0 = Release|Any CPU
		{8A0C8DFF-273A-45D0-9656-276693B819F8}.AppStore|ARM.Deploy.0 = Release|Any CPU
		{8A0C8DFF-273A-45D0-9656-276693B819F8}.AppStore|iPhone.ActiveCfg = Release|Any CPU
		{8A0C8DFF-273A-45D0-9656-276693B819F8}.AppStore|iPhone.Build.0 = Release|Any CPU
		{8A0C8DFF-273A-45D0-9656-276693B819F8}.AppStore|iPhone.Deploy.0 = Release|Any CPU
		{8A0C8DFF-273A-45D0-9656-276693B819F8}.AppStore|iPhoneSimulator.ActiveCfg = Release|Any CPU
		{8A0C8DFF-273A-45D0-9656-276693B819F8}.AppStore|iPhoneSimulator.Build.0 = Release|Any CPU
		{8A0C8DFF-273A-45D0-9656-276693B819F8}.AppStore|iPhoneSimulator.Deploy.0 = Release|Any CPU
		{8A0C8DFF-273A-45D0-9656-276693B819F8}.AppStore|x64.ActiveCfg = Release|Any CPU
		{8A0C8DFF-273A-45D0-9656-276693B819F8}.AppStore|x64.Build.0 = Release|Any CPU
		{8A0C8DFF-273A-45D0-9656-276693B819F8}.AppStore|x64.Deploy.0 = Release|Any CPU
		{8A0C8DFF-273A-45D0-9656-276693B819F8}.AppStore|x86.ActiveCfg = Release|Any CPU
		{8A0C8DFF-273A-45D0-9656-276693B819F8}.AppStore|x86.Build.0 = Release|Any CPU
		{8A0C8DFF-273A-45D0-9656-276693B819F8}.AppStore|x86.Deploy.0 = Release|Any CPU
		{8A0C8DFF-273A-45D0-9656-276693B819F8}.Debug|Any CPU.ActiveCfg = Debug|Any CPU
		{8A0C8DFF-273A-45D0-9656-276693B819F8}.Debug|Any CPU.Build.0 = Debug|Any CPU
		{8A0C8DFF-273A-45D0-9656-276693B819F8}.Debug|Any CPU.Deploy.0 = Debug|Any CPU
		{8A0C8DFF-273A-45D0-9656-276693B819F8}.Debug|ARM.ActiveCfg = Debug|Any CPU
		{8A0C8DFF-273A-45D0-9656-276693B819F8}.Debug|ARM.Build.0 = Debug|Any CPU
		{8A0C8DFF-273A-45D0-9656-276693B819F8}.Debug|ARM.Deploy.0 = Debug|Any CPU
		{8A0C8DFF-273A-45D0-9656-276693B819F8}.Debug|iPhone.ActiveCfg = Debug|Any CPU
		{8A0C8DFF-273A-45D0-9656-276693B819F8}.Debug|iPhone.Build.0 = Debug|Any CPU
		{8A0C8DFF-273A-45D0-9656-276693B819F8}.Debug|iPhone.Deploy.0 = Debug|Any CPU
		{8A0C8DFF-273A-45D0-9656-276693B819F8}.Debug|iPhoneSimulator.ActiveCfg = Debug|Any CPU
		{8A0C8DFF-273A-45D0-9656-276693B819F8}.Debug|iPhoneSimulator.Build.0 = Debug|Any CPU
		{8A0C8DFF-273A-45D0-9656-276693B819F8}.Debug|iPhoneSimulator.Deploy.0 = Debug|Any CPU
		{8A0C8DFF-273A-45D0-9656-276693B819F8}.Debug|x64.ActiveCfg = Debug|Any CPU
		{8A0C8DFF-273A-45D0-9656-276693B819F8}.Debug|x64.Build.0 = Debug|Any CPU
		{8A0C8DFF-273A-45D0-9656-276693B819F8}.Debug|x64.Deploy.0 = Debug|Any CPU
		{8A0C8DFF-273A-45D0-9656-276693B819F8}.Debug|x86.ActiveCfg = Debug|Any CPU
		{8A0C8DFF-273A-45D0-9656-276693B819F8}.Debug|x86.Build.0 = Debug|Any CPU
		{8A0C8DFF-273A-45D0-9656-276693B819F8}.Debug|x86.Deploy.0 = Debug|Any CPU
		{8A0C8DFF-273A-45D0-9656-276693B819F8}.Release|Any CPU.ActiveCfg = Release|Any CPU
		{8A0C8DFF-273A-45D0-9656-276693B819F8}.Release|Any CPU.Build.0 = Release|Any CPU
		{8A0C8DFF-273A-45D0-9656-276693B819F8}.Release|Any CPU.Deploy.0 = Release|Any CPU
		{8A0C8DFF-273A-45D0-9656-276693B819F8}.Release|ARM.ActiveCfg = Release|Any CPU
		{8A0C8DFF-273A-45D0-9656-276693B819F8}.Release|ARM.Build.0 = Release|Any CPU
		{8A0C8DFF-273A-45D0-9656-276693B819F8}.Release|ARM.Deploy.0 = Release|Any CPU
		{8A0C8DFF-273A-45D0-9656-276693B819F8}.Release|iPhone.ActiveCfg = Release|Any CPU
		{8A0C8DFF-273A-45D0-9656-276693B819F8}.Release|iPhone.Build.0 = Release|Any CPU
		{8A0C8DFF-273A-45D0-9656-276693B819F8}.Release|iPhone.Deploy.0 = Release|Any CPU
		{8A0C8DFF-273A-45D0-9656-276693B819F8}.Release|iPhoneSimulator.ActiveCfg = Release|Any CPU
		{8A0C8DFF-273A-45D0-9656-276693B819F8}.Release|iPhoneSimulator.Build.0 = Release|Any CPU
		{8A0C8DFF-273A-45D0-9656-276693B819F8}.Release|iPhoneSimulator.Deploy.0 = Release|Any CPU
		{8A0C8DFF-273A-45D0-9656-276693B819F8}.Release|x64.ActiveCfg = Release|Any CPU
		{8A0C8DFF-273A-45D0-9656-276693B819F8}.Release|x64.Build.0 = Release|Any CPU
		{8A0C8DFF-273A-45D0-9656-276693B819F8}.Release|x64.Deploy.0 = Release|Any CPU
		{8A0C8DFF-273A-45D0-9656-276693B819F8}.Release|x86.ActiveCfg = Release|Any CPU
		{8A0C8DFF-273A-45D0-9656-276693B819F8}.Release|x86.Build.0 = Release|Any CPU
		{8A0C8DFF-273A-45D0-9656-276693B819F8}.Release|x86.Deploy.0 = Release|Any CPU
		{A017CDDE-10C4-403E-8296-0CD29ECA64AC}.Ad-Hoc|Any CPU.ActiveCfg = Ad-Hoc|iPhone
		{A017CDDE-10C4-403E-8296-0CD29ECA64AC}.Ad-Hoc|ARM.ActiveCfg = Ad-Hoc|iPhone
		{A017CDDE-10C4-403E-8296-0CD29ECA64AC}.Ad-Hoc|iPhone.ActiveCfg = Ad-Hoc|iPhone
		{A017CDDE-10C4-403E-8296-0CD29ECA64AC}.Ad-Hoc|iPhone.Build.0 = Ad-Hoc|iPhone
		{A017CDDE-10C4-403E-8296-0CD29ECA64AC}.Ad-Hoc|iPhoneSimulator.ActiveCfg = Ad-Hoc|iPhoneSimulator
		{A017CDDE-10C4-403E-8296-0CD29ECA64AC}.Ad-Hoc|iPhoneSimulator.Build.0 = Ad-Hoc|iPhoneSimulator
		{A017CDDE-10C4-403E-8296-0CD29ECA64AC}.Ad-Hoc|x64.ActiveCfg = Ad-Hoc|iPhone
		{A017CDDE-10C4-403E-8296-0CD29ECA64AC}.Ad-Hoc|x86.ActiveCfg = Ad-Hoc|iPhone
		{A017CDDE-10C4-403E-8296-0CD29ECA64AC}.AppStore|Any CPU.ActiveCfg = AppStore|iPhone
		{A017CDDE-10C4-403E-8296-0CD29ECA64AC}.AppStore|ARM.ActiveCfg = AppStore|iPhone
		{A017CDDE-10C4-403E-8296-0CD29ECA64AC}.AppStore|iPhone.ActiveCfg = AppStore|iPhone
		{A017CDDE-10C4-403E-8296-0CD29ECA64AC}.AppStore|iPhone.Build.0 = AppStore|iPhone
		{A017CDDE-10C4-403E-8296-0CD29ECA64AC}.AppStore|iPhoneSimulator.ActiveCfg = AppStore|iPhoneSimulator
		{A017CDDE-10C4-403E-8296-0CD29ECA64AC}.AppStore|iPhoneSimulator.Build.0 = AppStore|iPhoneSimulator
		{A017CDDE-10C4-403E-8296-0CD29ECA64AC}.AppStore|x64.ActiveCfg = AppStore|iPhone
		{A017CDDE-10C4-403E-8296-0CD29ECA64AC}.AppStore|x86.ActiveCfg = AppStore|iPhone
		{A017CDDE-10C4-403E-8296-0CD29ECA64AC}.Debug|Any CPU.ActiveCfg = Debug|iPhone
		{A017CDDE-10C4-403E-8296-0CD29ECA64AC}.Debug|ARM.ActiveCfg = Debug|iPhone
		{A017CDDE-10C4-403E-8296-0CD29ECA64AC}.Debug|iPhone.ActiveCfg = Debug|iPhone
		{A017CDDE-10C4-403E-8296-0CD29ECA64AC}.Debug|iPhone.Build.0 = Debug|iPhone
		{A017CDDE-10C4-403E-8296-0CD29ECA64AC}.Debug|iPhoneSimulator.ActiveCfg = Debug|iPhoneSimulator
		{A017CDDE-10C4-403E-8296-0CD29ECA64AC}.Debug|iPhoneSimulator.Build.0 = Debug|iPhoneSimulator
		{A017CDDE-10C4-403E-8296-0CD29ECA64AC}.Debug|x64.ActiveCfg = Debug|iPhone
		{A017CDDE-10C4-403E-8296-0CD29ECA64AC}.Debug|x86.ActiveCfg = Debug|iPhone
		{A017CDDE-10C4-403E-8296-0CD29ECA64AC}.Release|Any CPU.ActiveCfg = Release|iPhone
		{A017CDDE-10C4-403E-8296-0CD29ECA64AC}.Release|ARM.ActiveCfg = Release|iPhone
		{A017CDDE-10C4-403E-8296-0CD29ECA64AC}.Release|iPhone.ActiveCfg = Release|iPhone
		{A017CDDE-10C4-403E-8296-0CD29ECA64AC}.Release|iPhone.Build.0 = Release|iPhone
		{A017CDDE-10C4-403E-8296-0CD29ECA64AC}.Release|iPhoneSimulator.ActiveCfg = Release|iPhoneSimulator
		{A017CDDE-10C4-403E-8296-0CD29ECA64AC}.Release|iPhoneSimulator.Build.0 = Release|iPhoneSimulator
		{A017CDDE-10C4-403E-8296-0CD29ECA64AC}.Release|x64.ActiveCfg = Release|iPhone
		{A017CDDE-10C4-403E-8296-0CD29ECA64AC}.Release|x86.ActiveCfg = Release|iPhone
		{8D2F5EF1-0B38-4A03-9050-3CDED398F4D8}.Ad-Hoc|Any CPU.ActiveCfg = Release|Any CPU
		{8D2F5EF1-0B38-4A03-9050-3CDED398F4D8}.Ad-Hoc|Any CPU.Build.0 = Release|Any CPU
		{8D2F5EF1-0B38-4A03-9050-3CDED398F4D8}.Ad-Hoc|Any CPU.Deploy.0 = Release|Any CPU
		{8D2F5EF1-0B38-4A03-9050-3CDED398F4D8}.Ad-Hoc|ARM.ActiveCfg = Release|ARM
		{8D2F5EF1-0B38-4A03-9050-3CDED398F4D8}.Ad-Hoc|ARM.Build.0 = Release|ARM
		{8D2F5EF1-0B38-4A03-9050-3CDED398F4D8}.Ad-Hoc|ARM.Deploy.0 = Release|ARM
		{8D2F5EF1-0B38-4A03-9050-3CDED398F4D8}.Ad-Hoc|iPhone.ActiveCfg = Release|Any CPU
		{8D2F5EF1-0B38-4A03-9050-3CDED398F4D8}.Ad-Hoc|iPhone.Build.0 = Release|Any CPU
		{8D2F5EF1-0B38-4A03-9050-3CDED398F4D8}.Ad-Hoc|iPhone.Deploy.0 = Release|Any CPU
		{8D2F5EF1-0B38-4A03-9050-3CDED398F4D8}.Ad-Hoc|iPhoneSimulator.ActiveCfg = Release|Any CPU
		{8D2F5EF1-0B38-4A03-9050-3CDED398F4D8}.Ad-Hoc|iPhoneSimulator.Build.0 = Release|Any CPU
		{8D2F5EF1-0B38-4A03-9050-3CDED398F4D8}.Ad-Hoc|iPhoneSimulator.Deploy.0 = Release|Any CPU
		{8D2F5EF1-0B38-4A03-9050-3CDED398F4D8}.Ad-Hoc|x64.ActiveCfg = Release|Any CPU
		{8D2F5EF1-0B38-4A03-9050-3CDED398F4D8}.Ad-Hoc|x64.Build.0 = Release|Any CPU
		{8D2F5EF1-0B38-4A03-9050-3CDED398F4D8}.Ad-Hoc|x64.Deploy.0 = Release|Any CPU
		{8D2F5EF1-0B38-4A03-9050-3CDED398F4D8}.Ad-Hoc|x86.ActiveCfg = Release|x86
		{8D2F5EF1-0B38-4A03-9050-3CDED398F4D8}.Ad-Hoc|x86.Build.0 = Release|x86
		{8D2F5EF1-0B38-4A03-9050-3CDED398F4D8}.Ad-Hoc|x86.Deploy.0 = Release|x86
		{8D2F5EF1-0B38-4A03-9050-3CDED398F4D8}.AppStore|Any CPU.ActiveCfg = Release|Any CPU
		{8D2F5EF1-0B38-4A03-9050-3CDED398F4D8}.AppStore|Any CPU.Build.0 = Release|Any CPU
		{8D2F5EF1-0B38-4A03-9050-3CDED398F4D8}.AppStore|Any CPU.Deploy.0 = Release|Any CPU
		{8D2F5EF1-0B38-4A03-9050-3CDED398F4D8}.AppStore|ARM.ActiveCfg = Release|ARM
		{8D2F5EF1-0B38-4A03-9050-3CDED398F4D8}.AppStore|ARM.Build.0 = Release|ARM
		{8D2F5EF1-0B38-4A03-9050-3CDED398F4D8}.AppStore|ARM.Deploy.0 = Release|ARM
		{8D2F5EF1-0B38-4A03-9050-3CDED398F4D8}.AppStore|iPhone.ActiveCfg = Release|Any CPU
		{8D2F5EF1-0B38-4A03-9050-3CDED398F4D8}.AppStore|iPhone.Build.0 = Release|Any CPU
		{8D2F5EF1-0B38-4A03-9050-3CDED398F4D8}.AppStore|iPhone.Deploy.0 = Release|Any CPU
		{8D2F5EF1-0B38-4A03-9050-3CDED398F4D8}.AppStore|iPhoneSimulator.ActiveCfg = Release|Any CPU
		{8D2F5EF1-0B38-4A03-9050-3CDED398F4D8}.AppStore|iPhoneSimulator.Build.0 = Release|Any CPU
		{8D2F5EF1-0B38-4A03-9050-3CDED398F4D8}.AppStore|iPhoneSimulator.Deploy.0 = Release|Any CPU
		{8D2F5EF1-0B38-4A03-9050-3CDED398F4D8}.AppStore|x64.ActiveCfg = Release|Any CPU
		{8D2F5EF1-0B38-4A03-9050-3CDED398F4D8}.AppStore|x64.Build.0 = Release|Any CPU
		{8D2F5EF1-0B38-4A03-9050-3CDED398F4D8}.AppStore|x64.Deploy.0 = Release|Any CPU
		{8D2F5EF1-0B38-4A03-9050-3CDED398F4D8}.AppStore|x86.ActiveCfg = Release|x86
		{8D2F5EF1-0B38-4A03-9050-3CDED398F4D8}.AppStore|x86.Build.0 = Release|x86
		{8D2F5EF1-0B38-4A03-9050-3CDED398F4D8}.AppStore|x86.Deploy.0 = Release|x86
		{8D2F5EF1-0B38-4A03-9050-3CDED398F4D8}.Debug|Any CPU.ActiveCfg = Debug|Any CPU
		{8D2F5EF1-0B38-4A03-9050-3CDED398F4D8}.Debug|Any CPU.Build.0 = Debug|Any CPU
		{8D2F5EF1-0B38-4A03-9050-3CDED398F4D8}.Debug|Any CPU.Deploy.0 = Debug|Any CPU
		{8D2F5EF1-0B38-4A03-9050-3CDED398F4D8}.Debug|ARM.ActiveCfg = Debug|ARM
		{8D2F5EF1-0B38-4A03-9050-3CDED398F4D8}.Debug|ARM.Build.0 = Debug|ARM
		{8D2F5EF1-0B38-4A03-9050-3CDED398F4D8}.Debug|ARM.Deploy.0 = Debug|ARM
		{8D2F5EF1-0B38-4A03-9050-3CDED398F4D8}.Debug|iPhone.ActiveCfg = Debug|Any CPU
		{8D2F5EF1-0B38-4A03-9050-3CDED398F4D8}.Debug|iPhone.Build.0 = Debug|Any CPU
		{8D2F5EF1-0B38-4A03-9050-3CDED398F4D8}.Debug|iPhone.Deploy.0 = Debug|Any CPU
		{8D2F5EF1-0B38-4A03-9050-3CDED398F4D8}.Debug|iPhoneSimulator.ActiveCfg = Debug|Any CPU
		{8D2F5EF1-0B38-4A03-9050-3CDED398F4D8}.Debug|iPhoneSimulator.Build.0 = Debug|Any CPU
		{8D2F5EF1-0B38-4A03-9050-3CDED398F4D8}.Debug|iPhoneSimulator.Deploy.0 = Debug|Any CPU
		{8D2F5EF1-0B38-4A03-9050-3CDED398F4D8}.Debug|x64.ActiveCfg = Debug|Any CPU
		{8D2F5EF1-0B38-4A03-9050-3CDED398F4D8}.Debug|x64.Build.0 = Debug|Any CPU
		{8D2F5EF1-0B38-4A03-9050-3CDED398F4D8}.Debug|x64.Deploy.0 = Debug|Any CPU
		{8D2F5EF1-0B38-4A03-9050-3CDED398F4D8}.Debug|x86.ActiveCfg = Debug|x86
		{8D2F5EF1-0B38-4A03-9050-3CDED398F4D8}.Debug|x86.Build.0 = Debug|x86
		{8D2F5EF1-0B38-4A03-9050-3CDED398F4D8}.Debug|x86.Deploy.0 = Debug|x86
		{8D2F5EF1-0B38-4A03-9050-3CDED398F4D8}.Release|Any CPU.ActiveCfg = Release|Any CPU
		{8D2F5EF1-0B38-4A03-9050-3CDED398F4D8}.Release|Any CPU.Build.0 = Release|Any CPU
		{8D2F5EF1-0B38-4A03-9050-3CDED398F4D8}.Release|Any CPU.Deploy.0 = Release|Any CPU
		{8D2F5EF1-0B38-4A03-9050-3CDED398F4D8}.Release|ARM.ActiveCfg = Release|ARM
		{8D2F5EF1-0B38-4A03-9050-3CDED398F4D8}.Release|ARM.Build.0 = Release|ARM
		{8D2F5EF1-0B38-4A03-9050-3CDED398F4D8}.Release|ARM.Deploy.0 = Release|ARM
		{8D2F5EF1-0B38-4A03-9050-3CDED398F4D8}.Release|iPhone.ActiveCfg = Release|Any CPU
		{8D2F5EF1-0B38-4A03-9050-3CDED398F4D8}.Release|iPhone.Build.0 = Release|Any CPU
		{8D2F5EF1-0B38-4A03-9050-3CDED398F4D8}.Release|iPhone.Deploy.0 = Release|Any CPU
		{8D2F5EF1-0B38-4A03-9050-3CDED398F4D8}.Release|iPhoneSimulator.ActiveCfg = Release|Any CPU
		{8D2F5EF1-0B38-4A03-9050-3CDED398F4D8}.Release|iPhoneSimulator.Build.0 = Release|Any CPU
		{8D2F5EF1-0B38-4A03-9050-3CDED398F4D8}.Release|iPhoneSimulator.Deploy.0 = Release|Any CPU
		{8D2F5EF1-0B38-4A03-9050-3CDED398F4D8}.Release|x64.ActiveCfg = Release|Any CPU
		{8D2F5EF1-0B38-4A03-9050-3CDED398F4D8}.Release|x64.Build.0 = Release|Any CPU
		{8D2F5EF1-0B38-4A03-9050-3CDED398F4D8}.Release|x64.Deploy.0 = Release|Any CPU
		{8D2F5EF1-0B38-4A03-9050-3CDED398F4D8}.Release|x86.ActiveCfg = Release|x86
		{8D2F5EF1-0B38-4A03-9050-3CDED398F4D8}.Release|x86.Build.0 = Release|x86
		{8D2F5EF1-0B38-4A03-9050-3CDED398F4D8}.Release|x86.Deploy.0 = Release|x86
		{C34D0DDA-59FA-404F-BE54-E931FA4DC5EA}.Ad-Hoc|Any CPU.ActiveCfg = Release|Any CPU
		{C34D0DDA-59FA-404F-BE54-E931FA4DC5EA}.Ad-Hoc|Any CPU.Build.0 = Release|Any CPU
		{C34D0DDA-59FA-404F-BE54-E931FA4DC5EA}.Ad-Hoc|Any CPU.Deploy.0 = Release|Any CPU
		{C34D0DDA-59FA-404F-BE54-E931FA4DC5EA}.Ad-Hoc|ARM.ActiveCfg = Release|ARM
		{C34D0DDA-59FA-404F-BE54-E931FA4DC5EA}.Ad-Hoc|ARM.Build.0 = Release|ARM
		{C34D0DDA-59FA-404F-BE54-E931FA4DC5EA}.Ad-Hoc|ARM.Deploy.0 = Release|ARM
		{C34D0DDA-59FA-404F-BE54-E931FA4DC5EA}.Ad-Hoc|iPhone.ActiveCfg = Release|Any CPU
		{C34D0DDA-59FA-404F-BE54-E931FA4DC5EA}.Ad-Hoc|iPhone.Build.0 = Release|Any CPU
		{C34D0DDA-59FA-404F-BE54-E931FA4DC5EA}.Ad-Hoc|iPhone.Deploy.0 = Release|Any CPU
		{C34D0DDA-59FA-404F-BE54-E931FA4DC5EA}.Ad-Hoc|iPhoneSimulator.ActiveCfg = Release|Any CPU
		{C34D0DDA-59FA-404F-BE54-E931FA4DC5EA}.Ad-Hoc|iPhoneSimulator.Build.0 = Release|Any CPU
		{C34D0DDA-59FA-404F-BE54-E931FA4DC5EA}.Ad-Hoc|iPhoneSimulator.Deploy.0 = Release|Any CPU
		{C34D0DDA-59FA-404F-BE54-E931FA4DC5EA}.Ad-Hoc|x64.ActiveCfg = Release|x64
		{C34D0DDA-59FA-404F-BE54-E931FA4DC5EA}.Ad-Hoc|x64.Build.0 = Release|x64
		{C34D0DDA-59FA-404F-BE54-E931FA4DC5EA}.Ad-Hoc|x64.Deploy.0 = Release|x64
		{C34D0DDA-59FA-404F-BE54-E931FA4DC5EA}.Ad-Hoc|x86.ActiveCfg = Release|x86
		{C34D0DDA-59FA-404F-BE54-E931FA4DC5EA}.Ad-Hoc|x86.Build.0 = Release|x86
		{C34D0DDA-59FA-404F-BE54-E931FA4DC5EA}.Ad-Hoc|x86.Deploy.0 = Release|x86
		{C34D0DDA-59FA-404F-BE54-E931FA4DC5EA}.AppStore|Any CPU.ActiveCfg = Release|Any CPU
		{C34D0DDA-59FA-404F-BE54-E931FA4DC5EA}.AppStore|Any CPU.Build.0 = Release|Any CPU
		{C34D0DDA-59FA-404F-BE54-E931FA4DC5EA}.AppStore|Any CPU.Deploy.0 = Release|Any CPU
		{C34D0DDA-59FA-404F-BE54-E931FA4DC5EA}.AppStore|ARM.ActiveCfg = Release|ARM
		{C34D0DDA-59FA-404F-BE54-E931FA4DC5EA}.AppStore|ARM.Build.0 = Release|ARM
		{C34D0DDA-59FA-404F-BE54-E931FA4DC5EA}.AppStore|ARM.Deploy.0 = Release|ARM
		{C34D0DDA-59FA-404F-BE54-E931FA4DC5EA}.AppStore|iPhone.ActiveCfg = Release|Any CPU
		{C34D0DDA-59FA-404F-BE54-E931FA4DC5EA}.AppStore|iPhone.Build.0 = Release|Any CPU
		{C34D0DDA-59FA-404F-BE54-E931FA4DC5EA}.AppStore|iPhone.Deploy.0 = Release|Any CPU
		{C34D0DDA-59FA-404F-BE54-E931FA4DC5EA}.AppStore|iPhoneSimulator.ActiveCfg = Release|Any CPU
		{C34D0DDA-59FA-404F-BE54-E931FA4DC5EA}.AppStore|iPhoneSimulator.Build.0 = Release|Any CPU
		{C34D0DDA-59FA-404F-BE54-E931FA4DC5EA}.AppStore|iPhoneSimulator.Deploy.0 = Release|Any CPU
		{C34D0DDA-59FA-404F-BE54-E931FA4DC5EA}.AppStore|x64.ActiveCfg = Release|x64
		{C34D0DDA-59FA-404F-BE54-E931FA4DC5EA}.AppStore|x64.Build.0 = Release|x64
		{C34D0DDA-59FA-404F-BE54-E931FA4DC5EA}.AppStore|x64.Deploy.0 = Release|x64
		{C34D0DDA-59FA-404F-BE54-E931FA4DC5EA}.AppStore|x86.ActiveCfg = Release|x86
		{C34D0DDA-59FA-404F-BE54-E931FA4DC5EA}.AppStore|x86.Build.0 = Release|x86
		{C34D0DDA-59FA-404F-BE54-E931FA4DC5EA}.AppStore|x86.Deploy.0 = Release|x86
		{C34D0DDA-59FA-404F-BE54-E931FA4DC5EA}.Debug|Any CPU.ActiveCfg = Debug|Any CPU
		{C34D0DDA-59FA-404F-BE54-E931FA4DC5EA}.Debug|Any CPU.Build.0 = Debug|Any CPU
		{C34D0DDA-59FA-404F-BE54-E931FA4DC5EA}.Debug|Any CPU.Deploy.0 = Debug|Any CPU
		{C34D0DDA-59FA-404F-BE54-E931FA4DC5EA}.Debug|ARM.ActiveCfg = Debug|ARM
		{C34D0DDA-59FA-404F-BE54-E931FA4DC5EA}.Debug|ARM.Build.0 = Debug|ARM
		{C34D0DDA-59FA-404F-BE54-E931FA4DC5EA}.Debug|ARM.Deploy.0 = Debug|ARM
		{C34D0DDA-59FA-404F-BE54-E931FA4DC5EA}.Debug|iPhone.ActiveCfg = Debug|Any CPU
		{C34D0DDA-59FA-404F-BE54-E931FA4DC5EA}.Debug|iPhone.Build.0 = Debug|Any CPU
		{C34D0DDA-59FA-404F-BE54-E931FA4DC5EA}.Debug|iPhone.Deploy.0 = Debug|Any CPU
		{C34D0DDA-59FA-404F-BE54-E931FA4DC5EA}.Debug|iPhoneSimulator.ActiveCfg = Debug|Any CPU
		{C34D0DDA-59FA-404F-BE54-E931FA4DC5EA}.Debug|iPhoneSimulator.Build.0 = Debug|Any CPU
		{C34D0DDA-59FA-404F-BE54-E931FA4DC5EA}.Debug|iPhoneSimulator.Deploy.0 = Debug|Any CPU
		{C34D0DDA-59FA-404F-BE54-E931FA4DC5EA}.Debug|x64.ActiveCfg = Debug|x64
		{C34D0DDA-59FA-404F-BE54-E931FA4DC5EA}.Debug|x64.Build.0 = Debug|x64
		{C34D0DDA-59FA-404F-BE54-E931FA4DC5EA}.Debug|x64.Deploy.0 = Debug|x64
		{C34D0DDA-59FA-404F-BE54-E931FA4DC5EA}.Debug|x86.ActiveCfg = Debug|x86
		{C34D0DDA-59FA-404F-BE54-E931FA4DC5EA}.Debug|x86.Build.0 = Debug|x86
		{C34D0DDA-59FA-404F-BE54-E931FA4DC5EA}.Debug|x86.Deploy.0 = Debug|x86
		{C34D0DDA-59FA-404F-BE54-E931FA4DC5EA}.Release|Any CPU.ActiveCfg = Release|Any CPU
		{C34D0DDA-59FA-404F-BE54-E931FA4DC5EA}.Release|Any CPU.Build.0 = Release|Any CPU
		{C34D0DDA-59FA-404F-BE54-E931FA4DC5EA}.Release|Any CPU.Deploy.0 = Release|Any CPU
		{C34D0DDA-59FA-404F-BE54-E931FA4DC5EA}.Release|ARM.ActiveCfg = Release|ARM
		{C34D0DDA-59FA-404F-BE54-E931FA4DC5EA}.Release|ARM.Build.0 = Release|ARM
		{C34D0DDA-59FA-404F-BE54-E931FA4DC5EA}.Release|ARM.Deploy.0 = Release|ARM
		{C34D0DDA-59FA-404F-BE54-E931FA4DC5EA}.Release|iPhone.ActiveCfg = Release|Any CPU
		{C34D0DDA-59FA-404F-BE54-E931FA4DC5EA}.Release|iPhone.Build.0 = Release|Any CPU
		{C34D0DDA-59FA-404F-BE54-E931FA4DC5EA}.Release|iPhone.Deploy.0 = Release|Any CPU
		{C34D0DDA-59FA-404F-BE54-E931FA4DC5EA}.Release|iPhoneSimulator.ActiveCfg = Release|Any CPU
		{C34D0DDA-59FA-404F-BE54-E931FA4DC5EA}.Release|iPhoneSimulator.Build.0 = Release|Any CPU
		{C34D0DDA-59FA-404F-BE54-E931FA4DC5EA}.Release|iPhoneSimulator.Deploy.0 = Release|Any CPU
		{C34D0DDA-59FA-404F-BE54-E931FA4DC5EA}.Release|x64.ActiveCfg = Release|x64
		{C34D0DDA-59FA-404F-BE54-E931FA4DC5EA}.Release|x64.Build.0 = Release|x64
		{C34D0DDA-59FA-404F-BE54-E931FA4DC5EA}.Release|x64.Deploy.0 = Release|x64
		{C34D0DDA-59FA-404F-BE54-E931FA4DC5EA}.Release|x86.ActiveCfg = Release|x86
		{C34D0DDA-59FA-404F-BE54-E931FA4DC5EA}.Release|x86.Build.0 = Release|x86
		{C34D0DDA-59FA-404F-BE54-E931FA4DC5EA}.Release|x86.Deploy.0 = Release|x86
		{8325E4E4-CDF6-426F-B4CD-FF54C8D8AD24}.Ad-Hoc|Any CPU.ActiveCfg = Release|Any CPU
		{8325E4E4-CDF6-426F-B4CD-FF54C8D8AD24}.Ad-Hoc|Any CPU.Build.0 = Release|Any CPU
		{8325E4E4-CDF6-426F-B4CD-FF54C8D8AD24}.Ad-Hoc|ARM.ActiveCfg = Release|Any CPU
		{8325E4E4-CDF6-426F-B4CD-FF54C8D8AD24}.Ad-Hoc|ARM.Build.0 = Release|Any CPU
		{8325E4E4-CDF6-426F-B4CD-FF54C8D8AD24}.Ad-Hoc|iPhone.ActiveCfg = Release|Any CPU
		{8325E4E4-CDF6-426F-B4CD-FF54C8D8AD24}.Ad-Hoc|iPhone.Build.0 = Release|Any CPU
		{8325E4E4-CDF6-426F-B4CD-FF54C8D8AD24}.Ad-Hoc|iPhoneSimulator.ActiveCfg = Release|Any CPU
		{8325E4E4-CDF6-426F-B4CD-FF54C8D8AD24}.Ad-Hoc|iPhoneSimulator.Build.0 = Release|Any CPU
		{8325E4E4-CDF6-426F-B4CD-FF54C8D8AD24}.Ad-Hoc|x64.ActiveCfg = Release|Any CPU
		{8325E4E4-CDF6-426F-B4CD-FF54C8D8AD24}.Ad-Hoc|x64.Build.0 = Release|Any CPU
		{8325E4E4-CDF6-426F-B4CD-FF54C8D8AD24}.Ad-Hoc|x86.ActiveCfg = Release|Any CPU
		{8325E4E4-CDF6-426F-B4CD-FF54C8D8AD24}.Ad-Hoc|x86.Build.0 = Release|Any CPU
		{8325E4E4-CDF6-426F-B4CD-FF54C8D8AD24}.AppStore|Any CPU.ActiveCfg = Release|Any CPU
		{8325E4E4-CDF6-426F-B4CD-FF54C8D8AD24}.AppStore|Any CPU.Build.0 = Release|Any CPU
		{8325E4E4-CDF6-426F-B4CD-FF54C8D8AD24}.AppStore|ARM.ActiveCfg = Release|Any CPU
		{8325E4E4-CDF6-426F-B4CD-FF54C8D8AD24}.AppStore|ARM.Build.0 = Release|Any CPU
		{8325E4E4-CDF6-426F-B4CD-FF54C8D8AD24}.AppStore|iPhone.ActiveCfg = Release|Any CPU
		{8325E4E4-CDF6-426F-B4CD-FF54C8D8AD24}.AppStore|iPhone.Build.0 = Release|Any CPU
		{8325E4E4-CDF6-426F-B4CD-FF54C8D8AD24}.AppStore|iPhoneSimulator.ActiveCfg = Release|Any CPU
		{8325E4E4-CDF6-426F-B4CD-FF54C8D8AD24}.AppStore|iPhoneSimulator.Build.0 = Release|Any CPU
		{8325E4E4-CDF6-426F-B4CD-FF54C8D8AD24}.AppStore|x64.ActiveCfg = Release|Any CPU
		{8325E4E4-CDF6-426F-B4CD-FF54C8D8AD24}.AppStore|x64.Build.0 = Release|Any CPU
		{8325E4E4-CDF6-426F-B4CD-FF54C8D8AD24}.AppStore|x86.ActiveCfg = Release|Any CPU
		{8325E4E4-CDF6-426F-B4CD-FF54C8D8AD24}.AppStore|x86.Build.0 = Release|Any CPU
		{8325E4E4-CDF6-426F-B4CD-FF54C8D8AD24}.Debug|Any CPU.ActiveCfg = Debug|Any CPU
		{8325E4E4-CDF6-426F-B4CD-FF54C8D8AD24}.Debug|Any CPU.Build.0 = Debug|Any CPU
		{8325E4E4-CDF6-426F-B4CD-FF54C8D8AD24}.Debug|ARM.ActiveCfg = Debug|Any CPU
		{8325E4E4-CDF6-426F-B4CD-FF54C8D8AD24}.Debug|ARM.Build.0 = Debug|Any CPU
		{8325E4E4-CDF6-426F-B4CD-FF54C8D8AD24}.Debug|iPhone.ActiveCfg = Debug|Any CPU
		{8325E4E4-CDF6-426F-B4CD-FF54C8D8AD24}.Debug|iPhone.Build.0 = Debug|Any CPU
		{8325E4E4-CDF6-426F-B4CD-FF54C8D8AD24}.Debug|iPhoneSimulator.ActiveCfg = Debug|Any CPU
		{8325E4E4-CDF6-426F-B4CD-FF54C8D8AD24}.Debug|iPhoneSimulator.Build.0 = Debug|Any CPU
		{8325E4E4-CDF6-426F-B4CD-FF54C8D8AD24}.Debug|x64.ActiveCfg = Debug|Any CPU
		{8325E4E4-CDF6-426F-B4CD-FF54C8D8AD24}.Debug|x64.Build.0 = Debug|Any CPU
		{8325E4E4-CDF6-426F-B4CD-FF54C8D8AD24}.Debug|x86.ActiveCfg = Debug|Any CPU
		{8325E4E4-CDF6-426F-B4CD-FF54C8D8AD24}.Debug|x86.Build.0 = Debug|Any CPU
		{8325E4E4-CDF6-426F-B4CD-FF54C8D8AD24}.Release|Any CPU.ActiveCfg = Release|Any CPU
		{8325E4E4-CDF6-426F-B4CD-FF54C8D8AD24}.Release|Any CPU.Build.0 = Release|Any CPU
		{8325E4E4-CDF6-426F-B4CD-FF54C8D8AD24}.Release|ARM.ActiveCfg = Release|Any CPU
		{8325E4E4-CDF6-426F-B4CD-FF54C8D8AD24}.Release|ARM.Build.0 = Release|Any CPU
		{8325E4E4-CDF6-426F-B4CD-FF54C8D8AD24}.Release|iPhone.ActiveCfg = Release|Any CPU
		{8325E4E4-CDF6-426F-B4CD-FF54C8D8AD24}.Release|iPhone.Build.0 = Release|Any CPU
		{8325E4E4-CDF6-426F-B4CD-FF54C8D8AD24}.Release|iPhoneSimulator.ActiveCfg = Release|Any CPU
		{8325E4E4-CDF6-426F-B4CD-FF54C8D8AD24}.Release|iPhoneSimulator.Build.0 = Release|Any CPU
		{8325E4E4-CDF6-426F-B4CD-FF54C8D8AD24}.Release|x64.ActiveCfg = Release|Any CPU
		{8325E4E4-CDF6-426F-B4CD-FF54C8D8AD24}.Release|x64.Build.0 = Release|Any CPU
		{8325E4E4-CDF6-426F-B4CD-FF54C8D8AD24}.Release|x86.ActiveCfg = Release|Any CPU
		{8325E4E4-CDF6-426F-B4CD-FF54C8D8AD24}.Release|x86.Build.0 = Release|Any CPU
	EndGlobalSection
	GlobalSection(SolutionProperties) = preSolution
		HideSolutionNode = FALSE
	EndGlobalSection
EndGlobal
